
Microsoft Visual Studio Solution File, Format Version 12.00
# Visual Studio 15
VisualStudioVersion = 15.0.28307.852
MinimumVisualStudioVersion = 10.0.40219.1
Project("{9A19103F-16F7-4668-BE54-9A1E7A4F7556}") = "PsHelloAzure", "PsHelloAzure\PsHelloAzure.csproj", "{D5DEEAA1-4EA9-45FA-BFAF-91116E08FC78}"
EndProject
Project("{9A19103F-16F7-4668-BE54-9A1E7A4F7556}") = "PsHelloFunctions", "PsHelloFunctions\PsHelloFunctions.csproj", "{9DEBBB3F-DA82-4D64-AA3B-BA44794CA173}"
EndProject
Global
	GlobalSection(SolutionConfigurationPlatforms) = preSolution
		Debug|Any CPU = Debug|Any CPU
		Release|Any CPU = Release|Any CPU
	EndGlobalSection
	GlobalSection(ProjectConfigurationPlatforms) = postSolution
		{D5DEEAA1-4EA9-45FA-BFAF-91116E08FC78}.Debug|Any CPU.ActiveCfg = Debug|Any CPU
		{D5DEEAA1-4EA9-45FA-BFAF-91116E08FC78}.Debug|Any CPU.Build.0 = Debug|Any CPU
		{D5DEEAA1-4EA9-45FA-BFAF-91116E08FC78}.Release|Any CPU.ActiveCfg = Release|Any CPU
		{D5DEEAA1-4EA9-45FA-BFAF-91116E08FC78}.Release|Any CPU.Build.0 = Release|Any CPU
		{9DEBBB3F-DA82-4D64-AA3B-BA44794CA173}.Debug|Any CPU.ActiveCfg = Debug|Any CPU
		{9DEBBB3F-DA82-4D64-AA3B-BA44794CA173}.Debug|Any CPU.Build.0 = Debug|Any CPU
		{9DEBBB3F-DA82-4D64-AA3B-BA44794CA173}.Release|Any CPU.ActiveCfg = Release|Any CPU
		{9DEBBB3F-DA82-4D64-AA3B-BA44794CA173}.Release|Any CPU.Build.0 = Release|Any CPU
	EndGlobalSection
	GlobalSection(SolutionProperties) = preSolution
		HideSolutionNode = FALSE
	EndGlobalSection
	GlobalSection(ExtensibilityGlobals) = postSolution
		SolutionGuid = {6F44B179-8D66-43AB-831D-2F40FB246D3D}
	EndGlobalSection
EndGlobal
